
Microsoft Visual Studio Solution File, Format Version 12.00
# Visual Studio Version 17
VisualStudioVersion = 17.3.32825.248
MinimumVisualStudioVersion = 10.0.40219.1
Project("{FAE04EC0-301F-11D3-BF4B-00C04F79EFBC}") = "kiemtra", "kiemtra\kiemtra.csproj", "{1F2B0E35-32D9-449E-9866-77819F2C4873}"
EndProject
Global
	GlobalSection(SolutionConfigurationPlatforms) = preSolution
		Debug|Any CPU = Debug|Any CPU
		Release|Any CPU = Release|Any CPU
	EndGlobalSection
	GlobalSection(ProjectConfigurationPlatforms) = postSolution
		{1F2B0E35-32D9-449E-9866-77819F2C4873}.Debug|Any CPU.ActiveCfg = Debug|Any CPU
		{1F2B0E35-32D9-449E-9866-77819F2C4873}.Debug|Any CPU.Build.0 = Debug|Any CPU
		{1F2B0E35-32D9-449E-9866-77819F2C4873}.Release|Any CPU.ActiveCfg = Release|Any CPU
		{1F2B0E35-32D9-449E-9866-77819F2C4873}.Release|Any CPU.Build.0 = Release|Any CPU
	EndGlobalSection
	GlobalSection(SolutionProperties) = preSolution
		HideSolutionNode = FALSE
	EndGlobalSection
	GlobalSection(ExtensibilityGlobals) = postSolution
		SolutionGuid = {C825525D-0F12-4F06-B7F1-D8498D80C455}
	EndGlobalSection
EndGlobal
